
Microsoft Visual Studio Solution File, Format Version 12.00
# Visual Studio Version 17
VisualStudioVersion = 17.1.32127.271
MinimumVisualStudioVersion = 10.0.40219.1
Project("{FAE04EC0-301F-11D3-BF4B-00C04F79EFBC}") = "PepitoSchoolPro", "PepitoSchoolPro\PepitoSchoolPro.csproj", "{0E2E4C7B-5F6C-45B0-9E69-3A4DC0C24704}"
EndProject
Project("{FAE04EC0-301F-11D3-BF4B-00C04F79EFBC}") = "PepitoSchoolPro.Domain", "PepitoSchoolPro.Domain\PepitoSchoolPro.Domain.csproj", "{66C01E77-1B51-4469-9849-979F91CD8998}"
EndProject
Project("{FAE04EC0-301F-11D3-BF4B-00C04F79EFBC}") = "PepitoSchoolPro.AppCore", "PepitoSchoolPro.AppCore\PepitoSchoolPro.AppCore.csproj", "{1BAFB378-2381-48BF-91D7-13E531773EA1}"
EndProject
Project("{FAE04EC0-301F-11D3-BF4B-00C04F79EFBC}") = "PepitoSchoolPro.DataAccess", "PepitoSchoolPro.DataAccess\PepitoSchoolPro.DataAccess.csproj", "{28DCAB62-8FA1-48C1-B5D3-B55F3EA2A73E}"
EndProject
Global
	GlobalSection(SolutionConfigurationPlatforms) = preSolution
		Debug|Any CPU = Debug|Any CPU
		Release|Any CPU = Release|Any CPU
	EndGlobalSection
	GlobalSection(ProjectConfigurationPlatforms) = postSolution
		{0E2E4C7B-5F6C-45B0-9E69-3A4DC0C24704}.Debug|Any CPU.ActiveCfg = Debug|Any CPU
		{0E2E4C7B-5F6C-45B0-9E69-3A4DC0C24704}.Debug|Any CPU.Build.0 = Debug|Any CPU
		{0E2E4C7B-5F6C-45B0-9E69-3A4DC0C24704}.Release|Any CPU.ActiveCfg = Release|Any CPU
		{0E2E4C7B-5F6C-45B0-9E69-3A4DC0C24704}.Release|Any CPU.Build.0 = Release|Any CPU
		{66C01E77-1B51-4469-9849-979F91CD8998}.Debug|Any CPU.ActiveCfg = Debug|Any CPU
		{66C01E77-1B51-4469-9849-979F91CD8998}.Debug|Any CPU.Build.0 = Debug|Any CPU
		{66C01E77-1B51-4469-9849-979F91CD8998}.Release|Any CPU.ActiveCfg = Release|Any CPU
		{66C01E77-1B51-4469-9849-979F91CD8998}.Release|Any CPU.Build.0 = Release|Any CPU
		{1BAFB378-2381-48BF-91D7-13E531773EA1}.Debug|Any CPU.ActiveCfg = Debug|Any CPU
		{1BAFB378-2381-48BF-91D7-13E531773EA1}.Debug|Any CPU.Build.0 = Debug|Any CPU
		{1BAFB378-2381-48BF-91D7-13E531773EA1}.Release|Any CPU.ActiveCfg = Release|Any CPU
		{1BAFB378-2381-48BF-91D7-13E531773EA1}.Release|Any CPU.Build.0 = Release|Any CPU
		{28DCAB62-8FA1-48C1-B5D3-B55F3EA2A73E}.Debug|Any CPU.ActiveCfg = Debug|Any CPU
		{28DCAB62-8FA1-48C1-B5D3-B55F3EA2A73E}.Debug|Any CPU.Build.0 = Debug|Any CPU
		{28DCAB62-8FA1-48C1-B5D3-B55F3EA2A73E}.Release|Any CPU.ActiveCfg = Release|Any CPU
		{28DCAB62-8FA1-48C1-B5D3-B55F3EA2A73E}.Release|Any CPU.Build.0 = Release|Any CPU
	EndGlobalSection
	GlobalSection(SolutionProperties) = preSolution
		HideSolutionNode = FALSE
	EndGlobalSection
	GlobalSection(ExtensibilityGlobals) = postSolution
		SolutionGuid = {7A2DEED4-E3DB-4C72-A20A-D7DB631EA825}
	EndGlobalSection
EndGlobal
